
Microsoft Visual Studio Solution File, Format Version 9.00
# Visual Studio 2005
Project("{8BC9CEB8-8B4A-11D0-8D11-00A0C91BC942}") = "QuoteFarm", "QuoteFarm\QuoteFarm.vcproj", "{0877EBD5-40CB-4819-BB80-A80CE5F4223D}"
EndProject
Project("{8BC9CEB8-8B4A-11D0-8D11-00A0C91BC942}") = "qextend", "..\qextend\qextend\qextend.vcproj", "{7CEB629A-2050-45D1-907F-5B89159B3249}"
EndProject
Project("{8BC9CEB8-8B4A-11D0-8D11-00A0C91BC942}") = "kvisitor", "..\kvisitor\kvisitor\kvisitor.vcproj", "{8C3AAC2F-8C52-4F75-ABE3-8FF198BD618F}"
EndProject
Global
	GlobalSection(SolutionConfigurationPlatforms) = preSolution
		Debug|Win32 = Debug|Win32
		Release|Win32 = Release|Win32
	EndGlobalSection
	GlobalSection(ProjectConfigurationPlatforms) = postSolution
		{0877EBD5-40CB-4819-BB80-A80CE5F4223D}.Debug|Win32.ActiveCfg = Debug|Win32
		{0877EBD5-40CB-4819-BB80-A80CE5F4223D}.Debug|Win32.Build.0 = Debug|Win32
		{0877EBD5-40CB-4819-BB80-A80CE5F4223D}.Release|Win32.ActiveCfg = Release|Win32
		{0877EBD5-40CB-4819-BB80-A80CE5F4223D}.Release|Win32.Build.0 = Release|Win32
		{7CEB629A-2050-45D1-907F-5B89159B3249}.Debug|Win32.ActiveCfg = Debug|Win32
		{7CEB629A-2050-45D1-907F-5B89159B3249}.Debug|Win32.Build.0 = Debug|Win32
		{7CEB629A-2050-45D1-907F-5B89159B3249}.Release|Win32.ActiveCfg = Release|Win32
		{7CEB629A-2050-45D1-907F-5B89159B3249}.Release|Win32.Build.0 = Release|Win32
		{8C3AAC2F-8C52-4F75-ABE3-8FF198BD618F}.Debug|Win32.ActiveCfg = Debug|Win32
		{8C3AAC2F-8C52-4F75-ABE3-8FF198BD618F}.Debug|Win32.Build.0 = Debug|Win32
		{8C3AAC2F-8C52-4F75-ABE3-8FF198BD618F}.Release|Win32.ActiveCfg = Release|Win32
		{8C3AAC2F-8C52-4F75-ABE3-8FF198BD618F}.Release|Win32.Build.0 = Release|Win32
	EndGlobalSection
	GlobalSection(SolutionProperties) = preSolution
		HideSolutionNode = FALSE
	EndGlobalSection
EndGlobal
