
Microsoft Visual Studio Solution File, Format Version 9.00
# Visual Studio 2005
Project("{8BC9CEB8-8B4A-11D0-8D11-00A0C91BC942}") = "QuoteServer", "QuoteServer\QuoteServer.vcproj", "{16688050-71FA-41CA-B072-7998E8032592}"
EndProject
Global
	GlobalSection(SolutionConfigurationPlatforms) = preSolution
		Debug|Win32 = Debug|Win32
		Release|Win32 = Release|Win32
		Release测试|Win32 = Release测试|Win32
	EndGlobalSection
	GlobalSection(ProjectConfigurationPlatforms) = postSolution
		{16688050-71FA-41CA-B072-7998E8032592}.Debug|Win32.ActiveCfg = Debug|Win32
		{16688050-71FA-41CA-B072-7998E8032592}.Debug|Win32.Build.0 = Debug|Win32
		{16688050-71FA-41CA-B072-7998E8032592}.Release|Win32.ActiveCfg = Release|Win32
		{16688050-71FA-41CA-B072-7998E8032592}.Release|Win32.Build.0 = Release|Win32
		{16688050-71FA-41CA-B072-7998E8032592}.Release测试|Win32.ActiveCfg = Release测试|Win32
		{16688050-71FA-41CA-B072-7998E8032592}.Release测试|Win32.Build.0 = Release测试|Win32
	EndGlobalSection
	GlobalSection(SolutionProperties) = preSolution
		HideSolutionNode = FALSE
	EndGlobalSection
EndGlobal
